
Microsoft Visual Studio Solution File, Format Version 12.00
# Visual Studio Version 16
VisualStudioVersion = 16.0.29609.76
MinimumVisualStudioVersion = 10.0.40219.1
Project("{FAE04EC0-301F-11D3-BF4B-00C04F79EFBC}") = "EjemploRouting", "EjemploRouting\EjemploRouting.csproj", "{AC31DCB4-8F52-4491-B6CB-E20526952484}"
EndProject
Global
	GlobalSection(SolutionConfigurationPlatforms) = preSolution
		Debug|Any CPU = Debug|Any CPU
		Release|Any CPU = Release|Any CPU
	EndGlobalSection
	GlobalSection(ProjectConfigurationPlatforms) = postSolution
		{AC31DCB4-8F52-4491-B6CB-E20526952484}.Debug|Any CPU.ActiveCfg = Debug|Any CPU
		{AC31DCB4-8F52-4491-B6CB-E20526952484}.Debug|Any CPU.Build.0 = Debug|Any CPU
		{AC31DCB4-8F52-4491-B6CB-E20526952484}.Release|Any CPU.ActiveCfg = Release|Any CPU
		{AC31DCB4-8F52-4491-B6CB-E20526952484}.Release|Any CPU.Build.0 = Release|Any CPU
	EndGlobalSection
	GlobalSection(SolutionProperties) = preSolution
		HideSolutionNode = FALSE
	EndGlobalSection
	GlobalSection(ExtensibilityGlobals) = postSolution
		SolutionGuid = {5E17A73E-8B30-40A0-8967-2AB7656A1A5F}
	EndGlobalSection
EndGlobal
